{
    "_meta": {
        "hash": {
            "sha256": "1188dd8aee1cd16f413c2646ecc98d6c9306431d69fad79b22fb8ef22a1fe9b9"
        },
        "pipfile-spec": 6,
        "requires": {
            "python_full_version": "3.10.7",
            "python_version": "3.10"
        },
        "sources": [
            {
                "name": "pypi",
                "url": "https://pypi.org/simple",
                "verify_ssl": true
            }
        ]
    },
    "default": {
        "protobuf": {
            "hashes": [
                "sha256:03eee35b60317112a72d19c54d0bff7bc58ff12fea4cd7b018232bd99758ffdf",
                "sha256:2b94bd6df92d71bd1234a2ffe7ce96ddf6d10cf637a18d6b55ad0a89fbb7fc21",
                "sha256:36f5370a930cb77c8ad2f4135590c672d0d2c72d4a707c7d0058dce4b4b4a598",
                "sha256:5f1eba1da2a2f3f7df469fccddef3cc060b8a16cfe3cc65961ad36b4dbcf59c5",
                "sha256:6c16657d6717a0c62d5d740cb354fbad1b0d8cb811669e06fc1caa0ff4799ddd",
                "sha256:6fe180b56e1169d72ecc4acbd39186339aed20af5384531b8e8979b02bbee159",
                "sha256:7cb5b9a05ce52c6a782bb97de52679bd3438ff2b7460eff5da348db65650f227",
                "sha256:9744e934ea5855d12191040ea198eaf704ac78665d365a89d9572e3b627c2688",
                "sha256:9f5a0fbfcdcc364f3986f9ed9f8bb1328fb84114fd790423ff3d7fdb0f85c2d1",
                "sha256:baca40d067dddd62141a129f244703160d278648b569e90bb0e3753067644711",
                "sha256:d5a35ff54e3f62e8fc7be02bb0d2fbc212bba1a5a9cc2748090690093996f07b",
                "sha256:e62fb869762b4ba18666370e2f8a18f17f8ab92dd4467295c6d38be6f8fef60b",
                "sha256:ebde3a023b8e11bfa6c890ef34cd6a8b47d586f26135e86c21344fe433daf2e2"
            ],
            "markers": "python_version >= '3.7'",
            "version": "==4.23.0"
        },
        "python-dateutil": {
            "hashes": [
                "sha256:0123cacc1627ae19ddf3c27a5de5bd67ee4586fbdd6440d9748f8abb483d3e86",
                "sha256:961d03dc3453ebbc59dbdea9e4e11c5651520a876d0f4db161e8674aae935da9"
            ],
            "markers": "python_version < '3.11'",
            "version": "==2.8.2"
        },
        "six": {
            "hashes": [
                "sha256:1e61c37477a1626458e36f7b1d82aa5c9b094fa4802892072e49de9c60c4c926",
                "sha256:8abb2f1d86890a2dfb989f9a77cfcfd3e47c2a354b01111771326f8aa26e0254"
            ],
            "markers": "python_version >= '2.7' and python_version not in '3.0, 3.1, 3.2'",
            "version": "==1.16.0"
        },
        "temporalio": {
            "hashes": [
                "sha256:0872bad3d694322140f8513e1bf3da1cbce057acec0ffd10aeefdc1ac05a3605",
                "sha256:1359d65ff302d2d446d830aade8939727e32418909fb8b0cf2490891ad2ef0be",
                "sha256:60f4332531922387b72a306d8db350526185aa941d670fd1169daa641dd61ff4",
                "sha256:66c7e3e072eed1c40ef42c693eb47fb9024bb7ac0f31c34d3eada796d43e9728",
                "sha256:bb8d68d4a7c3208bd98df082c42fad3e909a218ca425ad5546208e88472a1bcf",
                "sha256:d6a1dd159b968ec85589ab5d20c5899bf4a19c5ac736f30364b1b3fd85115f82"
            ],
            "index": "pypi",
            "version": "==1.2.0"
        },
        "types-protobuf": {
            "hashes": [
                "sha256:2f940bf39cfefd81df1177fd58f5406d53fa7ce189f6bf56e06b2468c4ff2ec0",
                "sha256:4996ebf9e07aec9e4aa452040cec1d03301f75a32b07433e89a1ebadf214124f"
            ],
            "version": "==4.23.0.0"
        },
        "typing-extensions": {
            "hashes": [
                "sha256:5cb5f4a79139d699607b3ef622a1dedafa84e115ab0024e0d9c044a9479ca7cb",
                "sha256:fb33085c39dd998ac16d1431ebc293a8b3eedd00fd4a32de0ff79002c19511b4"
            ],
            "markers": "python_version >= '3.7'",
            "version": "==4.5.0"
        }
    },
    "develop": {}
}
